
Microsoft Visual Studio Solution File, Format Version 12.00
# Visual Studio Version 16
VisualStudioVersion = 16.0.30503.244
MinimumVisualStudioVersion = 15.0.26124.0
Project("{9A19103F-16F7-4668-BE54-9A1E7A4F7556}") = "Firebase.Auth.Utils", "src\Firebase.Auth.Utils\Firebase.Auth.Utils.csproj", "{1B446A64-9BC0-4CDA-BB09-3CB236FC8419}"
EndProject
Global
	GlobalSection(SolutionConfigurationPlatforms) = preSolution
		Debug|Any CPU = Debug|Any CPU
		Debug|x64 = Debug|x64
		Debug|x86 = Debug|x86
		Release|Any CPU = Release|Any CPU
		Release|x64 = Release|x64
		Release|x86 = Release|x86
	EndGlobalSection
	GlobalSection(ProjectConfigurationPlatforms) = postSolution
		{1B446A64-9BC0-4CDA-BB09-3CB236FC8419}.Debug|Any CPU.ActiveCfg = Debug|Any CPU
		{1B446A64-9BC0-4CDA-BB09-3CB236FC8419}.Debug|Any CPU.Build.0 = Debug|Any CPU
		{1B446A64-9BC0-4CDA-BB09-3CB236FC8419}.Debug|x64.ActiveCfg = Debug|Any CPU
		{1B446A64-9BC0-4CDA-BB09-3CB236FC8419}.Debug|x64.Build.0 = Debug|Any CPU
		{1B446A64-9BC0-4CDA-BB09-3CB236FC8419}.Debug|x86.ActiveCfg = Debug|Any CPU
		{1B446A64-9BC0-4CDA-BB09-3CB236FC8419}.Debug|x86.Build.0 = Debug|Any CPU
		{1B446A64-9BC0-4CDA-BB09-3CB236FC8419}.Release|Any CPU.ActiveCfg = Release|Any CPU
		{1B446A64-9BC0-4CDA-BB09-3CB236FC8419}.Release|Any CPU.Build.0 = Release|Any CPU
		{1B446A64-9BC0-4CDA-BB09-3CB236FC8419}.Release|x64.ActiveCfg = Release|Any CPU
		{1B446A64-9BC0-4CDA-BB09-3CB236FC8419}.Release|x64.Build.0 = Release|Any CPU
		{1B446A64-9BC0-4CDA-BB09-3CB236FC8419}.Release|x86.ActiveCfg = Release|Any CPU
		{1B446A64-9BC0-4CDA-BB09-3CB236FC8419}.Release|x86.Build.0 = Release|Any CPU
	EndGlobalSection
	GlobalSection(SolutionProperties) = preSolution
		HideSolutionNode = FALSE
	EndGlobalSection
	GlobalSection(ExtensibilityGlobals) = postSolution
		SolutionGuid = {BCA80825-1454-47BD-9B95-909A7DC63A40}
	EndGlobalSection
EndGlobal
